// !$*UTF8*$!
{
	archiveVersion = 1;
	classes = {
	};
	objectVersion = 46;
	objects = {

/* Begin PBXBuildFile section */
		E48288591F0FA8AF00F6694A /* Item+CoreDataClass.swift in Sources */ = {isa = PBXBuildFile; fileRef = E48288511F0FA8AF00F6694A /* Item+CoreDataClass.swift */; };
		E482885A1F0FA8AF00F6694A /* Item+CoreDataProperties.swift in Sources */ = {isa = PBXBuildFile; fileRef = E48288521F0FA8AF00F6694A /* Item+CoreDataProperties.swift */; };
		E482885B1F0FA8AF00F6694A /* Store+CoreDataClass.swift in Sources */ = {isa = PBXBuildFile; fileRef = E48288531F0FA8AF00F6694A /* Store+CoreDataClass.swift */; };
		E482885C1F0FA8AF00F6694A /* Store+CoreDataProperties.swift in Sources */ = {isa = PBXBuildFile; fileRef = E48288541F0FA8AF00F6694A /* Store+CoreDataProperties.swift */; };
		E482885D1F0FA8AF00F6694A /* Image+CoreDataClass.swift in Sources */ = {isa = PBXBuildFile; fileRef = E48288551F0FA8AF00F6694A /* Image+CoreDataClass.swift */; };
		E482885E1F0FA8AF00F6694A /* Image+CoreDataProperties.swift in Sources */ = {isa = PBXBuildFile; fileRef = E48288561F0FA8AF00F6694A /* Image+CoreDataProperties.swift */; };
		E482885F1F0FA8AF00F6694A /* ItemType+CoreDataClass.swift in Sources */ = {isa = PBXBuildFile; fileRef = E48288571F0FA8AF00F6694A /* ItemType+CoreDataClass.swift */; };
		E48288601F0FA8AF00F6694A /* ItemType+CoreDataProperties.swift in Sources */ = {isa = PBXBuildFile; fileRef = E48288581F0FA8AF00F6694A /* ItemType+CoreDataProperties.swift */; };
		E48288651F0FBFEA00F6694A /* ItemCell.swift in Sources */ = {isa = PBXBuildFile; fileRef = E48288641F0FBFEA00F6694A /* ItemCell.swift */; };
		E48288681F10F2F800F6694A /* ItemDetailsVC.swift in Sources */ = {isa = PBXBuildFile; fileRef = E48288671F10F2F800F6694A /* ItemDetailsVC.swift */; };
		E4CB43631F0E686000569500 /* AppDelegate.swift in Sources */ = {isa = PBXBuildFile; fileRef = E4CB43621F0E686000569500 /* AppDelegate.swift */; };
		E4CB43651F0E686000569500 /* MainVC.swift in Sources */ = {isa = PBXBuildFile; fileRef = E4CB43641F0E686000569500 /* MainVC.swift */; };
		E4CB43681F0E686000569500 /* Main.storyboard in Resources */ = {isa = PBXBuildFile; fileRef = E4CB43661F0E686000569500 /* Main.storyboard */; };
		E4CB436B1F0E686000569500 /* EpicWishListApp.xcdatamodeld in Sources */ = {isa = PBXBuildFile; fileRef = E4CB43691F0E686000569500 /* EpicWishListApp.xcdatamodeld */; };
		E4CB436D1F0E686000569500 /* Assets.xcassets in Resources */ = {isa = PBXBuildFile; fileRef = E4CB436C1F0E686000569500 /* Assets.xcassets */; };
		E4CB43701F0E686000569500 /* LaunchScreen.storyboard in Resources */ = {isa = PBXBuildFile; fileRef = E4CB436E1F0E686000569500 /* LaunchScreen.storyboard */; };
/* End PBXBuildFile section */

/* Begin PBXFileReference section */
		E48288511F0FA8AF00F6694A /* Item+CoreDataClass.swift */ = {isa = PBXFileReference; fileEncoding = 4; lastKnownFileType = sourcecode.swift; path = "Item+CoreDataClass.swift"; sourceTree = "<group>"; };
		E48288521F0FA8AF00F6694A /* Item+CoreDataProperties.swift */ = {isa = PBXFileReference; fileEncoding = 4; lastKnownFileType = sourcecode.swift; path = "Item+CoreDataProperties.swift"; sourceTree = "<group>"; };
		E48288531F0FA8AF00F6694A /* Store+CoreDataClass.swift */ = {isa = PBXFileReference; fileEncoding = 4; lastKnownFileType = sourcecode.swift; path = "Store+CoreDataClass.swift"; sourceTree = "<group>"; };
		E48288541F0FA8AF00F6694A /* Store+CoreDataProperties.swift */ = {isa = PBXFileReference; fileEncoding = 4; lastKnownFileType = sourcecode.swift; path = "Store+CoreDataProperties.swift"; sourceTree = "<group>"; };
		E48288551F0FA8AF00F6694A /* Image+CoreDataClass.swift */ = {isa = PBXFileReference; fileEncoding = 4; lastKnownFileType = sourcecode.swift; path = "Image+CoreDataClass.swift"; sourceTree = "<group>"; };
		E48288561F0FA8AF00F6694A /* Image+CoreDataProperties.swift */ = {isa = PBXFileReference; fileEncoding = 4; lastKnownFileType = sourcecode.swift; path = "Image+CoreDataProperties.swift"; sourceTree = "<group>"; };
		E48288571F0FA8AF00F6694A /* ItemType+CoreDataClass.swift */ = {isa = PBXFileReference; fileEncoding = 4; lastKnownFileType = sourcecode.swift; path = "ItemType+CoreDataClass.swift"; sourceTree = "<group>"; };
		E48288581F0FA8AF00F6694A /* ItemType+CoreDataProperties.swift */ = {isa = PBXFileReference; fileEncoding = 4; lastKnownFileType = sourcecode.swift; path = "ItemType+CoreDataProperties.swift"; sourceTree = "<group>"; };
		E48288641F0FBFEA00F6694A /* ItemCell.swift */ = {isa = PBXFileReference; fileEncoding = 4; lastKnownFileType = sourcecode.swift; path = ItemCell.swift; sourceTree = "<group>"; };
		E48288671F10F2F800F6694A /* ItemDetailsVC.swift */ = {isa = PBXFileReference; fileEncoding = 4; lastKnownFileType = sourcecode.swift; path = ItemDetailsVC.swift; sourceTree = "<group>"; };
		E4CB435F1F0E686000569500 /* EpicWishListApp.app */ = {isa = PBXFileReference; explicitFileType = wrapper.application; includeInIndex = 0; path = EpicWishListApp.app; sourceTree = BUILT_PRODUCTS_DIR; };
		E4CB43621F0E686000569500 /* AppDelegate.swift */ = {isa = PBXFileReference; lastKnownFileType = sourcecode.swift; path = AppDelegate.swift; sourceTree = "<group>"; };
		E4CB43641F0E686000569500 /* MainVC.swift */ = {isa = PBXFileReference; lastKnownFileType = sourcecode.swift; path = MainVC.swift; sourceTree = "<group>"; };
		E4CB43671F0E686000569500 /* Base */ = {isa = PBXFileReference; lastKnownFileType = file.storyboard; name = Base; path = Base.lproj/Main.storyboard; sourceTree = "<group>"; };
		E4CB436A1F0E686000569500 /* EpicWishListApp.xcdatamodel */ = {isa = PBXFileReference; lastKnownFileType = wrapper.xcdatamodel; path = EpicWishListApp.xcdatamodel; sourceTree = "<group>"; };
		E4CB436C1F0E686000569500 /* Assets.xcassets */ = {isa = PBXFileReference; lastKnownFileType = folder.assetcatalog; path = Assets.xcassets; sourceTree = "<group>"; };
		E4CB436F1F0E686000569500 /* Base */ = {isa = PBXFileReference; lastKnownFileType = file.storyboard; name = Base; path = Base.lproj/LaunchScreen.storyboard; sourceTree = "<group>"; };
		E4CB43711F0E686000569500 /* Info.plist */ = {isa = PBXFileReference; lastKnownFileType = text.plist.xml; path = Info.plist; sourceTree = "<group>"; };
/* End PBXFileReference section */

/* Begin PBXFrameworksBuildPhase section */
		E4CB435C1F0E686000569500 /* Frameworks */ = {
			isa = PBXFrameworksBuildPhase;
			buildActionMask = 2147483647;
			files = (
			);
			runOnlyForDeploymentPostprocessing = 0;
		};
/* End PBXFrameworksBuildPhase section */

/* Begin PBXGroup section */
		E48288611F0FA8B700F6694A /* Model */ = {
			isa = PBXGroup;
			children = (
				E48288511F0FA8AF00F6694A /* Item+CoreDataClass.swift */,
				E48288531F0FA8AF00F6694A /* Store+CoreDataClass.swift */,
				E48288551F0FA8AF00F6694A /* Image+CoreDataClass.swift */,
				E48288571F0FA8AF00F6694A /* ItemType+CoreDataClass.swift */,
				E48288621F0FA8BC00F6694A /* Generated */,
			);
			name = Model;
			sourceTree = "<group>";
		};
		E48288621F0FA8BC00F6694A /* Generated */ = {
			isa = PBXGroup;
			children = (
				E48288521F0FA8AF00F6694A /* Item+CoreDataProperties.swift */,
				E48288541F0FA8AF00F6694A /* Store+CoreDataProperties.swift */,
				E48288561F0FA8AF00F6694A /* Image+CoreDataProperties.swift */,
				E48288581F0FA8AF00F6694A /* ItemType+CoreDataProperties.swift */,
			);
			name = Generated;
			sourceTree = "<group>";
		};
		E48288631F0FBDC700F6694A /* View */ = {
			isa = PBXGroup;
			children = (
				E48288641F0FBFEA00F6694A /* ItemCell.swift */,
			);
			name = View;
			sourceTree = "<group>";
		};
		E48288661F10F2DB00F6694A /* Controller */ = {
			isa = PBXGroup;
			children = (
				E4CB43641F0E686000569500 /* MainVC.swift */,
				E48288671F10F2F800F6694A /* ItemDetailsVC.swift */,
			);
			name = Controller;
			sourceTree = "<group>";
		};
		E4CB43561F0E686000569500 = {
			isa = PBXGroup;
			children = (
				E4CB43611F0E686000569500 /* EpicWishListApp */,
				E4CB43601F0E686000569500 /* Products */,
			);
			sourceTree = "<group>";
		};
		E4CB43601F0E686000569500 /* Products */ = {
			isa = PBXGroup;
			children = (
				E4CB435F1F0E686000569500 /* EpicWishListApp.app */,
			);
			name = Products;
			sourceTree = "<group>";
		};
		E4CB43611F0E686000569500 /* EpicWishListApp */ = {
			isa = PBXGroup;
			children = (
				E48288631F0FBDC700F6694A /* View */,
				E48288611F0FA8B700F6694A /* Model */,
				E4CB43621F0E686000569500 /* AppDelegate.swift */,
				E48288661F10F2DB00F6694A /* Controller */,
				E4CB43661F0E686000569500 /* Main.storyboard */,
				E4CB436C1F0E686000569500 /* Assets.xcassets */,
				E4CB436E1F0E686000569500 /* LaunchScreen.storyboard */,
				E4CB43711F0E686000569500 /* Info.plist */,
				E4CB43691F0E686000569500 /* EpicWishListApp.xcdatamodeld */,
			);
			path = EpicWishListApp;
			sourceTree = "<group>";
		};
/* End PBXGroup section */

/* Begin PBXNativeTarget section */
		E4CB435E1F0E686000569500 /* EpicWishListApp */ = {
			isa = PBXNativeTarget;
			buildConfigurationList = E4CB43741F0E686000569500 /* Build configuration list for PBXNativeTarget "EpicWishListApp" */;
			buildPhases = (
				E4CB435B1F0E686000569500 /* Sources */,
				E4CB435C1F0E686000569500 /* Frameworks */,
				E4CB435D1F0E686000569500 /* Resources */,
			);
			buildRules = (
			);
			dependencies = (
			);
			name = EpicWishListApp;
			productName = EpicWishListApp;
			productReference = E4CB435F1F0E686000569500 /* EpicWishListApp.app */;
			productType = "com.apple.product-type.application";
		};
/* End PBXNativeTarget section */

/* Begin PBXProject section */
		E4CB43571F0E686000569500 /* Project object */ = {
			isa = PBXProject;
			attributes = {
				LastSwiftUpdateCheck = 0820;
				LastUpgradeCheck = 0820;
				ORGANIZATIONNAME = "Shayan Zahid";
				TargetAttributes = {
					E4CB435E1F0E686000569500 = {
						CreatedOnToolsVersion = 8.2.1;
						ProvisioningStyle = Automatic;
					};
				};
			};
			buildConfigurationList = E4CB435A1F0E686000569500 /* Build configuration list for PBXProject "EpicWishListApp" */;
			compatibilityVersion = "Xcode 3.2";
			developmentRegion = English;
			hasScannedForEncodings = 0;
			knownRegions = (
				en,
				Base,
			);
			mainGroup = E4CB43561F0E686000569500;
			productRefGroup = E4CB43601F0E686000569500 /* Products */;
			projectDirPath = "";
			projectRoot = "";
			targets = (
				E4CB435E1F0E686000569500 /* EpicWishListApp */,
			);
		};
/* End PBXProject section */

/* Begin PBXResourcesBuildPhase section */
		E4CB435D1F0E686000569500 /* Resources */ = {
			isa = PBXResourcesBuildPhase;
			buildActionMask = 2147483647;
			files = (
				E4CB43701F0E686000569500 /* LaunchScreen.storyboard in Resources */,
				E4CB436D1F0E686000569500 /* Assets.xcassets in Resources */,
				E4CB43681F0E686000569500 /* Main.storyboard in Resources */,
			);
			runOnlyForDeploymentPostprocessing = 0;
		};
/* End PBXResourcesBuildPhase section */

/* Begin PBXSourcesBuildPhase section */
		E4CB435B1F0E686000569500 /* Sources */ = {
			isa = PBXSourcesBuildPhase;
			buildActionMask = 2147483647;
			files = (
				E482885E1F0FA8AF00F6694A /* Image+CoreDataProperties.swift in Sources */,
				E4CB43651F0E686000569500 /* MainVC.swift in Sources */,
				E482885F1F0FA8AF00F6694A /* ItemType+CoreDataClass.swift in Sources */,
				E482885B1F0FA8AF00F6694A /* Store+CoreDataClass.swift in Sources */,
				E4CB43631F0E686000569500 /* AppDelegate.swift in Sources */,
				E482885D1F0FA8AF00F6694A /* Image+CoreDataClass.swift in Sources */,
				E48288681F10F2F800F6694A /* ItemDetailsVC.swift in Sources */,
				E48288591F0FA8AF00F6694A /* Item+CoreDataClass.swift in Sources */,
				E48288601F0FA8AF00F6694A /* ItemType+CoreDataProperties.swift in Sources */,
				E48288651F0FBFEA00F6694A /* ItemCell.swift in Sources */,
				E482885C1F0FA8AF00F6694A /* Store+CoreDataProperties.swift in Sources */,
				E4CB436B1F0E686000569500 /* EpicWishListApp.xcdatamodeld in Sources */,
				E482885A1F0FA8AF00F6694A /* Item+CoreDataProperties.swift in Sources */,
			);
			runOnlyForDeploymentPostprocessing = 0;
		};
/* End PBXSourcesBuildPhase section */

/* Begin PBXVariantGroup section */
		E4CB43661F0E686000569500 /* Main.storyboard */ = {
			isa = PBXVariantGroup;
			children = (
				E4CB43671F0E686000569500 /* Base */,
			);
			name = Main.storyboard;
			sourceTree = "<group>";
		};
		E4CB436E1F0E686000569500 /* LaunchScreen.storyboard */ = {
			isa = PBXVariantGroup;
			children = (
				E4CB436F1F0E686000569500 /* Base */,
			);
			name = LaunchScreen.storyboard;
			sourceTree = "<group>";
		};
/* End PBXVariantGroup section */

/* Begin XCBuildConfiguration section */
		E4CB43721F0E686000569500 /* Debug */ = {
			isa = XCBuildConfiguration;
			buildSettings = {
				ALWAYS_SEARCH_USER_PATHS = NO;
				CLANG_ANALYZER_NONNULL = YES;
				CLANG_CXX_LANGUAGE_STANDARD = "gnu++0x";
				CLANG_CXX_LIBRARY = "libc++";
				CLANG_ENABLE_MODULES = YES;
				CLANG_ENABLE_OBJC_ARC = YES;
				CLANG_WARN_BOOL_CONVERSION = YES;
				CLANG_WARN_CONSTANT_CONVERSION = YES;
				CLANG_WARN_DIRECT_OBJC_ISA_USAGE = YES_ERROR;
				CLANG_WARN_DOCUMENTATION_COMMENTS = YES;
				CLANG_WARN_EMPTY_BODY = YES;
				CLANG_WARN_ENUM_CONVERSION = YES;
				CLANG_WARN_INFINITE_RECURSION = YES;
				CLANG_WARN_INT_CONVERSION = YES;
				CLANG_WARN_OBJC_ROOT_CLASS = YES_ERROR;
				CLANG_WARN_SUSPICIOUS_MOVE = YES;
				CLANG_WARN_UNREACHABLE_CODE = YES;
				CLANG_WARN__DUPLICATE_METHOD_MATCH = YES;
				"CODE_SIGN_IDENTITY[sdk=iphoneos*]" = "iPhone Developer";
				COPY_PHASE_STRIP = NO;
				DEBUG_INFORMATION_FORMAT = dwarf;
				ENABLE_STRICT_OBJC_MSGSEND = YES;
				ENABLE_TESTABILITY = YES;
				GCC_C_LANGUAGE_STANDARD = gnu99;
				GCC_DYNAMIC_NO_PIC = NO;
				GCC_NO_COMMON_BLOCKS = YES;
				GCC_OPTIMIZATION_LEVEL = 0;
				GCC_PREPROCESSOR_DEFINITIONS = (
					"DEBUG=1",
					"$(inherited)",
				);
				GCC_WARN_64_TO_32_BIT_CONVERSION = YES;
				GCC_WARN_ABOUT_RETURN_TYPE = YES_ERROR;
				GCC_WARN_UNDECLARED_SELECTOR = YES;
				GCC_WARN_UNINITIALIZED_AUTOS = YES_AGGRESSIVE;
				GCC_WARN_UNUSED_FUNCTION = YES;
				GCC_WARN_UNUSED_VARIABLE = YES;
				IPHONEOS_DEPLOYMENT_TARGET = 10.2;
				MTL_ENABLE_DEBUG_INFO = YES;
				ONLY_ACTIVE_ARCH = YES;
				SDKROOT = iphoneos;
				SWIFT_ACTIVE_COMPILATION_CONDITIONS = DEBUG;
				SWIFT_OPTIMIZATION_LEVEL = "-Onone";
				TARGETED_DEVICE_FAMILY = "1,2";
			};
			name = Debug;
		};
		E4CB43731F0E686000569500 /* Release */ = {
			isa = XCBuildConfiguration;
			buildSettings = {
				ALWAYS_SEARCH_USER_PATHS = NO;
				CLANG_ANALYZER_NONNULL = YES;
				CLANG_CXX_LANGUAGE_STANDARD = "gnu++0x";
				CLANG_CXX_LIBRARY = "libc++";
				CLANG_ENABLE_MODULES = YES;
				CLANG_ENABLE_OBJC_ARC = YES;
				CLANG_WARN_BOOL_CONVERSION = YES;
				CLANG_WARN_CONSTANT_CONVERSION = YES;
				CLANG_WARN_DIRECT_OBJC_ISA_USAGE = YES_ERROR;
				CLANG_WARN_DOCUMENTATION_COMMENTS = YES;
				CLANG_WARN_EMPTY_BODY = YES;
				CLANG_WARN_ENUM_CONVERSION = YES;
				CLANG_WARN_INFINITE_RECURSION = YES;
				CLANG_WARN_INT_CONVERSION = YES;
				CLANG_WARN_OBJC_ROOT_CLASS = YES_ERROR;
				CLANG_WARN_SUSPICIOUS_MOVE = YES;
				CLANG_WARN_UNREACHABLE_CODE = YES;
				CLANG_WARN__DUPLICATE_METHOD_MATCH = YES;
				"CODE_SIGN_IDENTITY[sdk=iphoneos*]" = "iPhone Developer";
				COPY_PHASE_STRIP = NO;
				DEBUG_INFORMATION_FORMAT = "dwarf-with-dsym";
				ENABLE_NS_ASSERTIONS = NO;
				ENABLE_STRICT_OBJC_MSGSEND = YES;
				GCC_C_LANGUAGE_STANDARD = gnu99;
				GCC_NO_COMMON_BLOCKS = YES;
				GCC_WARN_64_TO_32_BIT_CONVERSION = YES;
				GCC_WARN_ABOUT_RETURN_TYPE = YES_ERROR;
				GCC_WARN_UNDECLARED_SELECTOR = YES;
				GCC_WARN_UNINITIALIZED_AUTOS = YES_AGGRESSIVE;
				GCC_WARN_UNUSED_FUNCTION = YES;
				GCC_WARN_UNUSED_VARIABLE = YES;
				IPHONEOS_DEPLOYMENT_TARGET = 10.2;
				MTL_ENABLE_DEBUG_INFO = NO;
				SDKROOT = iphoneos;
				SWIFT_OPTIMIZATION_LEVEL = "-Owholemodule";
				TARGETED_DEVICE_FAMILY = "1,2";
				VALIDATE_PRODUCT = YES;
			};
			name = Release;
		};
		E4CB43751F0E686000569500 /* Debug */ = {
			isa = XCBuildConfiguration;
			buildSettings = {
				ASSETCATALOG_COMPILER_APPICON_NAME = AppIcon;
				INFOPLIST_FILE = EpicWishListApp/Info.plist;
				LD_RUNPATH_SEARCH_PATHS = "$(inherited) @executable_path/Frameworks";
				PRODUCT_BUNDLE_IDENTIFIER = ShayanZahid.EpicWishListApp;
				PRODUCT_NAME = "$(TARGET_NAME)";
				SWIFT_VERSION = 3.0;
			};
			name = Debug;
		};
		E4CB43761F0E686000569500 /* Release */ = {
			isa = XCBuildConfiguration;
			buildSettings = {
				ASSETCATALOG_COMPILER_APPICON_NAME = AppIcon;
				INFOPLIST_FILE = EpicWishListApp/Info.plist;
				LD_RUNPATH_SEARCH_PATHS = "$(inherited) @executable_path/Frameworks";
				PRODUCT_BUNDLE_IDENTIFIER = ShayanZahid.EpicWishListApp;
				PRODUCT_NAME = "$(TARGET_NAME)";
				SWIFT_VERSION = 3.0;
			};
			name = Release;
		};
/* End XCBuildConfiguration section */

/* Begin XCConfigurationList section */
		E4CB435A1F0E686000569500 /* Build configuration list for PBXProject "EpicWishListApp" */ = {
			isa = XCConfigurationList;
			buildConfigurations = (
				E4CB43721F0E686000569500 /* Debug */,
				E4CB43731F0E686000569500 /* Release */,
			);
			defaultConfigurationIsVisible = 0;
			defaultConfigurationName = Release;
		};
		E4CB43741F0E686000569500 /* Build configuration list for PBXNativeTarget "EpicWishListApp" */ = {
			isa = XCConfigurationList;
			buildConfigurations = (
				E4CB43751F0E686000569500 /* Debug */,
				E4CB43761F0E686000569500 /* Release */,
			);
			defaultConfigurationIsVisible = 0;
			defaultConfigurationName = Release;
		};
/* End XCConfigurationList section */

/* Begin XCVersionGroup section */
		E4CB43691F0E686000569500 /* EpicWishListApp.xcdatamodeld */ = {
			isa = XCVersionGroup;
			children = (
				E4CB436A1F0E686000569500 /* EpicWishListApp.xcdatamodel */,
			);
			currentVersion = E4CB436A1F0E686000569500 /* EpicWishListApp.xcdatamodel */;
			path = EpicWishListApp.xcdatamodeld;
			sourceTree = "<group>";
			versionGroupType = wrapper.xcdatamodel;
		};
/* End XCVersionGroup section */
	};
	rootObject = E4CB43571F0E686000569500 /* Project object */;
}
